{
  "name": "intranet.casaazul",
<<<<<<< HEAD
  "version": "1.0.0",
  "lockfileVersion": 3,
  "requires": true,
  "packages": {
    "": {
      "name": "intranet.casaazul",
      "version": "1.0.0",
      "license": "ISC",
      "devDependencies": {}
    }
  }
=======
  "lockfileVersion": 3,
  "requires": true,
  "packages": {}
>>>>>>> 3fca991ba2085c905a8a4d034a405fc2be23e504
}
